# This file is automatically @generated by Poetry 2.2.1 and should not be changed by hand.

[[package]]
name = "neo4j"
version = "6.1.0"
description = "Neo4j Bolt driver for Python"
optional = false
python-versions = ">=3.10"
groups = ["main"]
files = [
    {file = "neo4j-6.1.0-py3-none-any.whl", hash = "sha256:3bd93941f3a3559af197031157220af9fd71f4f93a311db687bd69ffa417b67d"},
    {file = "neo4j-6.1.0.tar.gz", hash = "sha256:b5dde8c0d8481e7b6ae3733569d990dd3e5befdc5d452f531ad1884ed3500b84"},
]

[package.dependencies]
pytz = "*"

[package.extras]
numpy = ["numpy (>=1.21.2,<3.0.0)"]
pandas = ["numpy (>=1.21.2,<3.0.0)", "pandas (>=1.1.0,<3.0.0)"]
pyarrow = ["pyarrow (>=6.0.0,<23.0.0)"]

[[package]]
name = "pytz"
version = "2026.1.post1"
description = "World timezone definitions, modern and historical"
optional = false
python-versions = "*"
groups = ["main"]
files = [
    {file = "pytz-2026.1.post1-py2.py3-none-any.whl", hash = "sha256:f2fd16142fda348286a75e1a524be810bb05d444e5a081f37f7affc635035f7a"},
    {file = "pytz-2026.1.post1.tar.gz", hash = "sha256:3378dde6a0c3d26719182142c56e60c7f9af7e968076f31aae569d72a0358ee1"},
]

[metadata]
lock-version = "2.1"
python-versions = ">=3.11"
content-hash = "bbd9995798a76f6abd9d9f9b41093bc378c812dc9f2e346d839ee3988cfa0dfe"
